
Microsoft Visual Studio Solution File, Format Version 12.00
# Visual Studio 15
VisualStudioVersion = 15.0.26430.13
MinimumVisualStudioVersion = 10.0.40219.1
Project("{FAE04EC0-301F-11D3-BF4B-00C04F79EFBC}") = "ClipboardHelper", "ClipboardHelper\ClipboardHelper.csproj", "{D05AB7B6-7903-49FF-8506-5FB63054CF0B}"
EndProject
Project("{FAE04EC0-301F-11D3-BF4B-00C04F79EFBC}") = "ClipboardHelper.Tests", "ClipboardHelper.Tests\ClipboardHelper.Tests.csproj", "{41BB94EA-6B34-4953-A72B-506C0D4034F8}"
EndProject
Global
	GlobalSection(SolutionConfigurationPlatforms) = preSolution
		Debug|Any CPU = Debug|Any CPU
		Debug|x64 = Debug|x64
		Release|Any CPU = Release|Any CPU
		Release|x64 = Release|x64
	EndGlobalSection
	GlobalSection(ProjectConfigurationPlatforms) = postSolution
		{D05AB7B6-7903-49FF-8506-5FB63054CF0B}.Debug|Any CPU.ActiveCfg = Debug|Any CPU
		{D05AB7B6-7903-49FF-8506-5FB63054CF0B}.Debug|Any CPU.Build.0 = Debug|Any CPU
		{D05AB7B6-7903-49FF-8506-5FB63054CF0B}.Debug|x64.ActiveCfg = Debug|x64
		{D05AB7B6-7903-49FF-8506-5FB63054CF0B}.Debug|x64.Build.0 = Debug|x64
		{D05AB7B6-7903-49FF-8506-5FB63054CF0B}.Release|Any CPU.ActiveCfg = Release|Any CPU
		{D05AB7B6-7903-49FF-8506-5FB63054CF0B}.Release|Any CPU.Build.0 = Release|Any CPU
		{D05AB7B6-7903-49FF-8506-5FB63054CF0B}.Release|x64.ActiveCfg = Release|x64
		{D05AB7B6-7903-49FF-8506-5FB63054CF0B}.Release|x64.Build.0 = Release|x64
		{41BB94EA-6B34-4953-A72B-506C0D4034F8}.Debug|Any CPU.ActiveCfg = Debug|Any CPU
		{41BB94EA-6B34-4953-A72B-506C0D4034F8}.Debug|Any CPU.Build.0 = Debug|Any CPU
		{41BB94EA-6B34-4953-A72B-506C0D4034F8}.Debug|x64.ActiveCfg = Debug|x64
		{41BB94EA-6B34-4953-A72B-506C0D4034F8}.Debug|x64.Build.0 = Debug|x64
		{41BB94EA-6B34-4953-A72B-506C0D4034F8}.Release|Any CPU.ActiveCfg = Release|Any CPU
		{41BB94EA-6B34-4953-A72B-506C0D4034F8}.Release|Any CPU.Build.0 = Release|Any CPU
		{41BB94EA-6B34-4953-A72B-506C0D4034F8}.Release|x64.ActiveCfg = Release|x64
		{41BB94EA-6B34-4953-A72B-506C0D4034F8}.Release|x64.Build.0 = Release|x64
	EndGlobalSection
	GlobalSection(SolutionProperties) = preSolution
		HideSolutionNode = FALSE
	EndGlobalSection
EndGlobal
